
Microsoft Visual Studio Solution File, Format Version 10.00
# Visual Studio 2008
Project("{FAE04EC0-301F-11D3-BF4B-00C04F79EFBC}") = "DersDemo_Win_Printing", "DersDemo_Win_Printing\DersDemo_Win_Printing.csproj", "{63638E61-2DC6-4A77-A43A-EAEE74AA4237}"
EndProject
Project("{FAE04EC0-301F-11D3-BF4B-00C04F79EFBC}") = "WebApplication2", "WebApplication2\WebApplication2.csproj", "{530A8889-27CB-4022-B6A0-19D1A3596C38}"
EndProject
Global
	GlobalSection(SolutionConfigurationPlatforms) = preSolution
		Debug|Any CPU = Debug|Any CPU
		Release|Any CPU = Release|Any CPU
	EndGlobalSection
	GlobalSection(ProjectConfigurationPlatforms) = postSolution
		{63638E61-2DC6-4A77-A43A-EAEE74AA4237}.Debug|Any CPU.ActiveCfg = Debug|Any CPU
		{63638E61-2DC6-4A77-A43A-EAEE74AA4237}.Debug|Any CPU.Build.0 = Debug|Any CPU
		{63638E61-2DC6-4A77-A43A-EAEE74AA4237}.Release|Any CPU.ActiveCfg = Release|Any CPU
		{63638E61-2DC6-4A77-A43A-EAEE74AA4237}.Release|Any CPU.Build.0 = Release|Any CPU
		{530A8889-27CB-4022-B6A0-19D1A3596C38}.Debug|Any CPU.ActiveCfg = Debug|Any CPU
		{530A8889-27CB-4022-B6A0-19D1A3596C38}.Debug|Any CPU.Build.0 = Debug|Any CPU
		{530A8889-27CB-4022-B6A0-19D1A3596C38}.Release|Any CPU.ActiveCfg = Release|Any CPU
		{530A8889-27CB-4022-B6A0-19D1A3596C38}.Release|Any CPU.Build.0 = Release|Any CPU
	EndGlobalSection
	GlobalSection(SolutionProperties) = preSolution
		HideSolutionNode = FALSE
	EndGlobalSection
EndGlobal
