
Microsoft Visual Studio Solution File, Format Version 10.00
# Visual Studio 2008
Project("{FAE04EC0-301F-11D3-BF4B-00C04F79EFBC}") = "DersDemo_Win_Menus", "DersDemo_Win_Menus\DersDemo_Win_Menus.csproj", "{A308D6A4-D4A6-48D8-980A-682FFE668C63}"
EndProject
Global
	GlobalSection(SolutionConfigurationPlatforms) = preSolution
		Debug|Any CPU = Debug|Any CPU
		Release|Any CPU = Release|Any CPU
	EndGlobalSection
	GlobalSection(ProjectConfigurationPlatforms) = postSolution
		{A308D6A4-D4A6-48D8-980A-682FFE668C63}.Debug|Any CPU.ActiveCfg = Debug|Any CPU
		{A308D6A4-D4A6-48D8-980A-682FFE668C63}.Debug|Any CPU.Build.0 = Debug|Any CPU
		{A308D6A4-D4A6-48D8-980A-682FFE668C63}.Release|Any CPU.ActiveCfg = Release|Any CPU
		{A308D6A4-D4A6-48D8-980A-682FFE668C63}.Release|Any CPU.Build.0 = Release|Any CPU
	EndGlobalSection
	GlobalSection(SolutionProperties) = preSolution
		HideSolutionNode = FALSE
	EndGlobalSection
EndGlobal
