
Microsoft Visual Studio Solution File, Format Version 10.00
# Visual Studio 2008
Project("{FAE04EC0-301F-11D3-BF4B-00C04F79EFBC}") = "DersDemo_Win_CopyFile", "DersDemo_Win_CopyFile\DersDemo_Win_CopyFile.csproj", "{66574ED1-5758-454C-93FA-C1DF795FD757}"
EndProject
Global
	GlobalSection(SolutionConfigurationPlatforms) = preSolution
		Debug|Any CPU = Debug|Any CPU
		Release|Any CPU = Release|Any CPU
	EndGlobalSection
	GlobalSection(ProjectConfigurationPlatforms) = postSolution
		{66574ED1-5758-454C-93FA-C1DF795FD757}.Debug|Any CPU.ActiveCfg = Debug|Any CPU
		{66574ED1-5758-454C-93FA-C1DF795FD757}.Debug|Any CPU.Build.0 = Debug|Any CPU
		{66574ED1-5758-454C-93FA-C1DF795FD757}.Release|Any CPU.ActiveCfg = Release|Any CPU
		{66574ED1-5758-454C-93FA-C1DF795FD757}.Release|Any CPU.Build.0 = Release|Any CPU
	EndGlobalSection
	GlobalSection(SolutionProperties) = preSolution
		HideSolutionNode = FALSE
	EndGlobalSection
EndGlobal
